
Microsoft Visual Studio Solution File, Format Version 12.00
# Visual Studio 15
VisualStudioVersion = 15.0.28010.2036
MinimumVisualStudioVersion = 10.0.40219.1
Project("{FAE04EC0-301F-11D3-BF4B-00C04F79EFBC}") = "TestMenu", "TestMenu\TestMenu.csproj", "{A01DF746-F91C-4F43-A0F7-76ADEB90B3E3}"
EndProject
Global
	GlobalSection(SolutionConfigurationPlatforms) = preSolution
		Debug|Any CPU = Debug|Any CPU
		Release|Any CPU = Release|Any CPU
	EndGlobalSection
	GlobalSection(ProjectConfigurationPlatforms) = postSolution
		{A01DF746-F91C-4F43-A0F7-76ADEB90B3E3}.Debug|Any CPU.ActiveCfg = Debug|Any CPU
		{A01DF746-F91C-4F43-A0F7-76ADEB90B3E3}.Debug|Any CPU.Build.0 = Debug|Any CPU
		{A01DF746-F91C-4F43-A0F7-76ADEB90B3E3}.Release|Any CPU.ActiveCfg = Release|Any CPU
		{A01DF746-F91C-4F43-A0F7-76ADEB90B3E3}.Release|Any CPU.Build.0 = Release|Any CPU
	EndGlobalSection
	GlobalSection(SolutionProperties) = preSolution
		HideSolutionNode = FALSE
	EndGlobalSection
	GlobalSection(ExtensibilityGlobals) = postSolution
		SolutionGuid = {4DD2CCA3-9407-43FA-9B54-DE6561C4975C}
	EndGlobalSection
EndGlobal
